
Microsoft Visual Studio Solution File, Format Version 12.00
# Visual Studio Version 16
VisualStudioVersion = 16.0.30320.27
MinimumVisualStudioVersion = 10.0.40219.1
Project("{9A19103F-16F7-4668-BE54-9A1E7A4F7556}") = "QMproject", "QMproject.csproj", "{4FB67624-F828-4A41-99B8-41425A4EECAD}"
EndProject
Project("{9A19103F-16F7-4668-BE54-9A1E7A4F7556}") = "QMProject.UnitTests", "..\AMProject.UnitTests\QMProject.UnitTests.csproj", "{35E09A85-3CD0-42C3-B594-9132CA8480D2}"
EndProject
Global
	GlobalSection(SolutionConfigurationPlatforms) = preSolution
		Debug|Any CPU = Debug|Any CPU
		Release|Any CPU = Release|Any CPU
	EndGlobalSection
	GlobalSection(ProjectConfigurationPlatforms) = postSolution
		{4FB67624-F828-4A41-99B8-41425A4EECAD}.Debug|Any CPU.ActiveCfg = Debug|Any CPU
		{4FB67624-F828-4A41-99B8-41425A4EECAD}.Debug|Any CPU.Build.0 = Debug|Any CPU
		{4FB67624-F828-4A41-99B8-41425A4EECAD}.Release|Any CPU.ActiveCfg = Release|Any CPU
		{4FB67624-F828-4A41-99B8-41425A4EECAD}.Release|Any CPU.Build.0 = Release|Any CPU
		{35E09A85-3CD0-42C3-B594-9132CA8480D2}.Debug|Any CPU.ActiveCfg = Debug|Any CPU
		{35E09A85-3CD0-42C3-B594-9132CA8480D2}.Debug|Any CPU.Build.0 = Debug|Any CPU
		{35E09A85-3CD0-42C3-B594-9132CA8480D2}.Release|Any CPU.ActiveCfg = Release|Any CPU
		{35E09A85-3CD0-42C3-B594-9132CA8480D2}.Release|Any CPU.Build.0 = Release|Any CPU
	EndGlobalSection
	GlobalSection(SolutionProperties) = preSolution
		HideSolutionNode = FALSE
	EndGlobalSection
	GlobalSection(ExtensibilityGlobals) = postSolution
		SolutionGuid = {60D0F968-2B9C-4697-9786-0EEECD3F1293}
	EndGlobalSection
EndGlobal
